
Microsoft Visual Studio Solution File, Format Version 12.00
# Visual Studio 15
VisualStudioVersion = 15.0.27428.2011
MinimumVisualStudioVersion = 10.0.40219.1
Project("{FAE04EC0-301F-11D3-BF4B-00C04F79EFBC}") = "CkEditorSample", "CkEditorSample\CkEditorSample.csproj", "{FAB7966A-8C23-4B54-96D0-D50A5746D370}"
EndProject
Global
	GlobalSection(SolutionConfigurationPlatforms) = preSolution
		Debug|Any CPU = Debug|Any CPU
		Release|Any CPU = Release|Any CPU
	EndGlobalSection
	GlobalSection(ProjectConfigurationPlatforms) = postSolution
		{FAB7966A-8C23-4B54-96D0-D50A5746D370}.Debug|Any CPU.ActiveCfg = Debug|Any CPU
		{FAB7966A-8C23-4B54-96D0-D50A5746D370}.Debug|Any CPU.Build.0 = Debug|Any CPU
		{FAB7966A-8C23-4B54-96D0-D50A5746D370}.Release|Any CPU.ActiveCfg = Release|Any CPU
		{FAB7966A-8C23-4B54-96D0-D50A5746D370}.Release|Any CPU.Build.0 = Release|Any CPU
	EndGlobalSection
	GlobalSection(SolutionProperties) = preSolution
		HideSolutionNode = FALSE
	EndGlobalSection
	GlobalSection(ExtensibilityGlobals) = postSolution
		SolutionGuid = {B1DA6CD2-B6DB-436F-AC7B-928263ABF40A}
	EndGlobalSection
EndGlobal
